<Solution>
  <Folder Name="/src/" />
  <Folder Name="/src/Host/">
    <Project Path="src/Host/RegOS.Api/RegOS.Api.csproj" />
  </Folder>
  <Folder Name="/src/Product/">
    <Project Path="src/Product/RegOS.Product.Application/RegOS.Product.Application.csproj" />
    <Project Path="src/Product/RegOS.Product.Contracts/RegOS.Product.Contracts.csproj" />
    <Project Path="src/Product/RegOS.Product.Domain/RegOS.Product.Domain.csproj" />
    <Project Path="src/Product/RegOS.Product.Infrastructure/RegOS.Product.Infrastructure.csproj" />
  </Folder>
  <Folder Name="/src/RegulatoryApplication/">
    <Project Path="src/RegulatoryApplication/RegOS.RegulatoryApplication.Application/RegOS.RegulatoryApplication.Application.csproj" />
    <Project Path="src/RegulatoryApplication/RegOS.RegulatoryApplication.Domain/RegOS.RegulatoryApplication.Domain.csproj" />
    <Project Path="src/RegulatoryApplication/RegOS.RegulatoryApplication.Infrastructure/RegOS.RegulatoryApplication.Infrastructure.csproj" />
  </Folder>
  <Folder Name="/src/Shared/">
    <Project Path="src/Shared/RegOS.Persistence/RegOS.Persistence.csproj" />
    <Project Path="src/Shared/RegOS.SDK/RegOS.SDK.csproj" />
  </Folder>
  <Folder Name="/tests/" />
  <Folder Name="/tests/Product/">
    <Project Path="tests/Product/RegOS.Product.Domain.Tests/RegOS.Product.Domain.Tests.csproj" />
  </Folder>
</Solution>
