<Solution>
  <Folder Name="/src/" />
  <Folder Name="/src/Host/">
    <Project Path="src/Host/RegOS.Api/RegOS.Api.csproj" />
  </Folder>
  <Folder Name="/src/Organization/">
    <Project Path="src/Organization/RegOS.Organization.Application/RegOS.Organization.Application.csproj" />
    <Project Path="src/Organization/RegOS.Organization.Domain/RegOS.Organization.Domain.csproj" />
    <Project Path="src/Organization/RegOS.Organization.Infrastructure/RegOS.Organization.Infrastructure.csproj" />
  </Folder>
  <Folder Name="/src/Persistence/">
    <Project Path="src/Persistence/RegOS.Persistence/RegOS.Persistence.csproj" />
  </Folder>
  <Folder Name="/src/ReferenceData/">
    <Project Path="src/ReferenceData/RegOS.ReferenceData.Application/RegOS.ReferenceData.Application.csproj" />
    <Project Path="src/ReferenceData/RegOS.ReferenceData.Domain/RegOS.ReferenceData.Domain.csproj" />
  </Folder>
  <Folder Name="/src/Product/">
    <Project Path="src/Product/RegOS.Product.Application/RegOS.Product.Application.csproj" />
    <Project Path="src/Product/RegOS.Product.Contracts/RegOS.Product.Contracts.csproj" />
    <Project Path="src/Product/RegOS.Product.Domain/RegOS.Product.Domain.csproj" />
    <Project Path="src/Product/RegOS.Product.Infrastructure/RegOS.Product.Infrastructure.csproj" />
  </Folder>
  <Folder Name="/src/RegulatoryApplication/">
    <Project Path="src/RegulatoryApplication/RegOS.RegulatoryApplication.Application/RegOS.RegulatoryApplication.Application.csproj" />
    <Project Path="src/RegulatoryApplication/RegOS.RegulatoryApplication.Domain/RegOS.RegulatoryApplication.Domain.csproj" />
    <Project Path="src/RegulatoryApplication/RegOS.RegulatoryApplication.Infrastructure/RegOS.RegulatoryApplication.Infrastructure.csproj" />
  </Folder>
  <Folder Name="/src/Submission/">
    <Project Path="src/Submission/RegOS.Submission.Application/RegOS.Submission.Application.csproj" />
    <Project Path="src/Submission/RegOS.Submission.Domain/RegOS.Submission.Domain.csproj" />
    <Project Path="src/Submission/RegOS.Submission.Infrastructure/RegOS.Submission.Infrastructure.csproj" />
  </Folder>
  <Folder Name="/src/ProductDocument/">
    <Project Path="src/ProductDocument/RegOS.ProductDocument.Application/RegOS.ProductDocument.Application.csproj" />
    <Project Path="src/ProductDocument/RegOS.ProductDocument.Domain/RegOS.ProductDocument.Domain.csproj" />
    <Project Path="src/ProductDocument/RegOS.ProductDocument.Infrastructure/RegOS.ProductDocument.Infrastructure.csproj" />
  </Folder>
  <Folder Name="/src/Shared/">
    <Project Path="src/Shared/RegOS.SharedKernel/RegOS.SharedKernel.csproj" />
  </Folder>
  <Folder Name="/tests/" />
  <Folder Name="/tests/Product/">
    <Project Path="tests/Product/RegOS.Product.Domain.Tests/RegOS.Product.Domain.Tests.csproj" />
  </Folder>
  <Folder Name="/tests/RegulatoryApplication/">
    <Project Path="tests/RegulatoryApplication/RegOS.RegulatoryApplication.Domain.Tests/RegOS.RegulatoryApplication.Domain.Tests.csproj" />
  </Folder>
  <Folder Name="/tests/Submission/">
    <Project Path="tests/Submission/RegOS.Submission.Domain.Tests/RegOS.Submission.Domain.Tests.csproj" />
    <Project Path="tests/Submission/RegOS.Submission.Application.Tests/RegOS.Submission.Application.Tests.csproj" />
  </Folder>
  <Folder Name="/tests/ProductDocument/">
    <Project Path="tests/ProductDocument/RegOS.ProductDocument.Domain.Tests/RegOS.ProductDocument.Domain.Tests.csproj" />
    <Project Path="tests/ProductDocument/RegOS.ProductDocument.Persistence.Tests/RegOS.ProductDocument.Persistence.Tests.csproj" />
  </Folder>
</Solution>
